// !$*UTF8*$!
{
	archiveVersion = 1;
	classes = {
	};
	objectVersion = 50;
	objects = {

/* Begin PBXBuildFile section */
		AC1807E825446C5400C88580 /* AppDelegate.swift in Sources */ = {isa = PBXBuildFile; fileRef = AC1807E725446C5400C88580 /* AppDelegate.swift */; };
		AC1807EA25446C5400C88580 /* SceneDelegate.swift in Sources */ = {isa = PBXBuildFile; fileRef = AC1807E925446C5400C88580 /* SceneDelegate.swift */; };
		AC1807F125446C5700C88580 /* Assets.xcassets in Resources */ = {isa = PBXBuildFile; fileRef = AC1807F025446C5700C88580 /* Assets.xcassets */; };
		AC1807F425446C5700C88580 /* LaunchScreen.storyboard in Resources */ = {isa = PBXBuildFile; fileRef = AC1807F225446C5700C88580 /* LaunchScreen.storyboard */; };
		AC1807FF25446C5700C88580 /* WeatherAppTests.swift in Sources */ = {isa = PBXBuildFile; fileRef = AC1807FE25446C5700C88580 /* WeatherAppTests.swift */; };
		AC18080A25446C5700C88580 /* WeatherAppUITests.swift in Sources */ = {isa = PBXBuildFile; fileRef = AC18080925446C5700C88580 /* WeatherAppUITests.swift */; };
		AC1808242544704600C88580 /* HomeViewController.swift in Sources */ = {isa = PBXBuildFile; fileRef = AC1808232544704600C88580 /* HomeViewController.swift */; };
		AC1808392544726900C88580 /* MapKit.framework in Frameworks */ = {isa = PBXBuildFile; fileRef = AC1808382544726900C88580 /* MapKit.framework */; };
		AC18083C2544733D00C88580 /* ViewProtocol.swift in Sources */ = {isa = PBXBuildFile; fileRef = AC18083B2544733D00C88580 /* ViewProtocol.swift */; };
		AC30365425447FCC00FE66B4 /* HomeViewModel.swift in Sources */ = {isa = PBXBuildFile; fileRef = AC30365325447FCC00FE66B4 /* HomeViewModel.swift */; };
		AC30365A25447FEB00FE66B4 /* HomeAPI.swift in Sources */ = {isa = PBXBuildFile; fileRef = AC30365925447FEB00FE66B4 /* HomeAPI.swift */; };
		AC3036632544890300FE66B4 /* HomeBaseView.swift in Sources */ = {isa = PBXBuildFile; fileRef = AC3036622544890300FE66B4 /* HomeBaseView.swift */; };
		AC30366C2544909100FE66B4 /* StringsText.swift in Sources */ = {isa = PBXBuildFile; fileRef = AC30366B2544909100FE66B4 /* StringsText.swift */; };
		AC3036752544997D00FE66B4 /* ErrorTypes.swift in Sources */ = {isa = PBXBuildFile; fileRef = AC3036742544997D00FE66B4 /* ErrorTypes.swift */; };
		ACB22E222544A3BF00F577D2 /* CityCollectionViewCell.swift in Sources */ = {isa = PBXBuildFile; fileRef = ACB22E212544A3BF00F577D2 /* CityCollectionViewCell.swift */; };
		ACB423002544B6A100F114C2 /* DelegateCitiesCollectionView.swift in Sources */ = {isa = PBXBuildFile; fileRef = ACB422FE2544B6A000F114C2 /* DelegateCitiesCollectionView.swift */; };
		ACB423012544B6A100F114C2 /* DatasourceCitiesCollectionView.swift in Sources */ = {isa = PBXBuildFile; fileRef = ACB422FF2544B6A000F114C2 /* DatasourceCitiesCollectionView.swift */; };
/* End PBXBuildFile section */

/* Begin PBXContainerItemProxy section */
		AC1807FB25446C5700C88580 /* PBXContainerItemProxy */ = {
			isa = PBXContainerItemProxy;
			containerPortal = AC1807DC25446C5400C88580 /* Project object */;
			proxyType = 1;
			remoteGlobalIDString = AC1807E325446C5400C88580;
			remoteInfo = WeatherApp;
		};
		AC18080625446C5700C88580 /* PBXContainerItemProxy */ = {
			isa = PBXContainerItemProxy;
			containerPortal = AC1807DC25446C5400C88580 /* Project object */;
			proxyType = 1;
			remoteGlobalIDString = AC1807E325446C5400C88580;
			remoteInfo = WeatherApp;
		};
/* End PBXContainerItemProxy section */

/* Begin PBXFileReference section */
		AC1807E425446C5400C88580 /* WeatherApp.app */ = {isa = PBXFileReference; explicitFileType = wrapper.application; includeInIndex = 0; path = WeatherApp.app; sourceTree = BUILT_PRODUCTS_DIR; };
		AC1807E725446C5400C88580 /* AppDelegate.swift */ = {isa = PBXFileReference; lastKnownFileType = sourcecode.swift; path = AppDelegate.swift; sourceTree = "<group>"; };
		AC1807E925446C5400C88580 /* SceneDelegate.swift */ = {isa = PBXFileReference; lastKnownFileType = sourcecode.swift; path = SceneDelegate.swift; sourceTree = "<group>"; };
		AC1807F025446C5700C88580 /* Assets.xcassets */ = {isa = PBXFileReference; lastKnownFileType = folder.assetcatalog; path = Assets.xcassets; sourceTree = "<group>"; };
		AC1807F325446C5700C88580 /* Base */ = {isa = PBXFileReference; lastKnownFileType = file.storyboard; name = Base; path = Base.lproj/LaunchScreen.storyboard; sourceTree = "<group>"; };
		AC1807F525446C5700C88580 /* Info.plist */ = {isa = PBXFileReference; lastKnownFileType = text.plist.xml; path = Info.plist; sourceTree = "<group>"; };
		AC1807FA25446C5700C88580 /* WeatherAppTests.xctest */ = {isa = PBXFileReference; explicitFileType = wrapper.cfbundle; includeInIndex = 0; path = WeatherAppTests.xctest; sourceTree = BUILT_PRODUCTS_DIR; };
		AC1807FE25446C5700C88580 /* WeatherAppTests.swift */ = {isa = PBXFileReference; lastKnownFileType = sourcecode.swift; path = WeatherAppTests.swift; sourceTree = "<group>"; };
		AC18080025446C5700C88580 /* Info.plist */ = {isa = PBXFileReference; lastKnownFileType = text.plist.xml; path = Info.plist; sourceTree = "<group>"; };
		AC18080525446C5700C88580 /* WeatherAppUITests.xctest */ = {isa = PBXFileReference; explicitFileType = wrapper.cfbundle; includeInIndex = 0; path = WeatherAppUITests.xctest; sourceTree = BUILT_PRODUCTS_DIR; };
		AC18080925446C5700C88580 /* WeatherAppUITests.swift */ = {isa = PBXFileReference; lastKnownFileType = sourcecode.swift; path = WeatherAppUITests.swift; sourceTree = "<group>"; };
		AC18080B25446C5700C88580 /* Info.plist */ = {isa = PBXFileReference; lastKnownFileType = text.plist.xml; path = Info.plist; sourceTree = "<group>"; };
		AC1808232544704600C88580 /* HomeViewController.swift */ = {isa = PBXFileReference; lastKnownFileType = sourcecode.swift; path = HomeViewController.swift; sourceTree = "<group>"; };
		AC1808382544726900C88580 /* MapKit.framework */ = {isa = PBXFileReference; lastKnownFileType = wrapper.framework; name = MapKit.framework; path = System/Library/Frameworks/MapKit.framework; sourceTree = SDKROOT; };
		AC18083B2544733D00C88580 /* ViewProtocol.swift */ = {isa = PBXFileReference; lastKnownFileType = sourcecode.swift; path = ViewProtocol.swift; sourceTree = "<group>"; };
		AC30365325447FCC00FE66B4 /* HomeViewModel.swift */ = {isa = PBXFileReference; lastKnownFileType = sourcecode.swift; path = HomeViewModel.swift; sourceTree = "<group>"; };
		AC30365925447FEB00FE66B4 /* HomeAPI.swift */ = {isa = PBXFileReference; lastKnownFileType = sourcecode.swift; path = HomeAPI.swift; sourceTree = "<group>"; };
		AC3036622544890300FE66B4 /* HomeBaseView.swift */ = {isa = PBXFileReference; lastKnownFileType = sourcecode.swift; path = HomeBaseView.swift; sourceTree = "<group>"; };
		AC30366B2544909100FE66B4 /* StringsText.swift */ = {isa = PBXFileReference; lastKnownFileType = sourcecode.swift; path = StringsText.swift; sourceTree = "<group>"; };
		AC3036742544997D00FE66B4 /* ErrorTypes.swift */ = {isa = PBXFileReference; lastKnownFileType = sourcecode.swift; path = ErrorTypes.swift; sourceTree = "<group>"; };
		ACB22E212544A3BF00F577D2 /* CityCollectionViewCell.swift */ = {isa = PBXFileReference; lastKnownFileType = sourcecode.swift; path = CityCollectionViewCell.swift; sourceTree = "<group>"; };
		ACB422FE2544B6A000F114C2 /* DelegateCitiesCollectionView.swift */ = {isa = PBXFileReference; fileEncoding = 4; lastKnownFileType = sourcecode.swift; path = DelegateCitiesCollectionView.swift; sourceTree = "<group>"; };
		ACB422FF2544B6A000F114C2 /* DatasourceCitiesCollectionView.swift */ = {isa = PBXFileReference; fileEncoding = 4; lastKnownFileType = sourcecode.swift; path = DatasourceCitiesCollectionView.swift; sourceTree = "<group>"; };
/* End PBXFileReference section */

/* Begin PBXFrameworksBuildPhase section */
		AC1807E125446C5400C88580 /* Frameworks */ = {
			isa = PBXFrameworksBuildPhase;
			buildActionMask = 2147483647;
			files = (
				AC1808392544726900C88580 /* MapKit.framework in Frameworks */,
			);
			runOnlyForDeploymentPostprocessing = 0;
		};
		AC1807F725446C5700C88580 /* Frameworks */ = {
			isa = PBXFrameworksBuildPhase;
			buildActionMask = 2147483647;
			files = (
			);
			runOnlyForDeploymentPostprocessing = 0;
		};
		AC18080225446C5700C88580 /* Frameworks */ = {
			isa = PBXFrameworksBuildPhase;
			buildActionMask = 2147483647;
			files = (
			);
			runOnlyForDeploymentPostprocessing = 0;
		};
/* End PBXFrameworksBuildPhase section */

/* Begin PBXGroup section */
		AC1807DB25446C5400C88580 = {
			isa = PBXGroup;
			children = (
				AC1807E625446C5400C88580 /* WeatherApp */,
				AC1807FD25446C5700C88580 /* WeatherAppTests */,
				AC18080825446C5700C88580 /* WeatherAppUITests */,
				AC1807E525446C5400C88580 /* Products */,
				AC1808372544726900C88580 /* Frameworks */,
			);
			sourceTree = "<group>";
		};
		AC1807E525446C5400C88580 /* Products */ = {
			isa = PBXGroup;
			children = (
				AC1807E425446C5400C88580 /* WeatherApp.app */,
				AC1807FA25446C5700C88580 /* WeatherAppTests.xctest */,
				AC18080525446C5700C88580 /* WeatherAppUITests.xctest */,
			);
			name = Products;
			sourceTree = "<group>";
		};
		AC1807E625446C5400C88580 /* WeatherApp */ = {
			isa = PBXGroup;
			children = (
				AC3036732544996C00FE66B4 /* ErrorEnum */,
				AC18083A2544732F00C88580 /* ViewProtocol */,
				AC18082125446FF900C88580 /* Resources */,
				AC18082025446FF100C88580 /* Home */,
				AC1807E725446C5400C88580 /* AppDelegate.swift */,
				AC1807E925446C5400C88580 /* SceneDelegate.swift */,
				AC1807F525446C5700C88580 /* Info.plist */,
				AC1807F225446C5700C88580 /* LaunchScreen.storyboard */,
			);
			path = WeatherApp;
			sourceTree = "<group>";
		};
		AC1807FD25446C5700C88580 /* WeatherAppTests */ = {
			isa = PBXGroup;
			children = (
				AC1807FE25446C5700C88580 /* WeatherAppTests.swift */,
				AC18080025446C5700C88580 /* Info.plist */,
			);
			path = WeatherAppTests;
			sourceTree = "<group>";
		};
		AC18080825446C5700C88580 /* WeatherAppUITests */ = {
			isa = PBXGroup;
			children = (
				AC18080925446C5700C88580 /* WeatherAppUITests.swift */,
				AC18080B25446C5700C88580 /* Info.plist */,
			);
			path = WeatherAppUITests;
			sourceTree = "<group>";
		};
		AC18082025446FF100C88580 /* Home */ = {
			isa = PBXGroup;
			children = (
				AC30366A2544906E00FE66B4 /* Resources */,
				AC30365825447FDF00FE66B4 /* API */,
				AC303661254488F400FE66B4 /* View */,
				AC30365225447FC000FE66B4 /* VIewModel */,
				AC180840254476FF00C88580 /* ViewController */,
			);
			path = Home;
			sourceTree = "<group>";
		};
		AC18082125446FF900C88580 /* Resources */ = {
			isa = PBXGroup;
			children = (
				AC1807F025446C5700C88580 /* Assets.xcassets */,
			);
			path = Resources;
			sourceTree = "<group>";
		};
		AC1808372544726900C88580 /* Frameworks */ = {
			isa = PBXGroup;
			children = (
				AC1808382544726900C88580 /* MapKit.framework */,
			);
			name = Frameworks;
			sourceTree = "<group>";
		};
		AC18083A2544732F00C88580 /* ViewProtocol */ = {
			isa = PBXGroup;
			children = (
				AC18083B2544733D00C88580 /* ViewProtocol.swift */,
			);
			path = ViewProtocol;
			sourceTree = "<group>";
		};
		AC180840254476FF00C88580 /* ViewController */ = {
			isa = PBXGroup;
			children = (
				ACB422FD2544B6A000F114C2 /* DatasourceDelegateCollectionView */,
				AC1808232544704600C88580 /* HomeViewController.swift */,
			);
			path = ViewController;
			sourceTree = "<group>";
		};
		AC30365225447FC000FE66B4 /* VIewModel */ = {
			isa = PBXGroup;
			children = (
				AC30365325447FCC00FE66B4 /* HomeViewModel.swift */,
			);
			path = VIewModel;
			sourceTree = "<group>";
		};
		AC30365825447FDF00FE66B4 /* API */ = {
			isa = PBXGroup;
			children = (
				AC30365925447FEB00FE66B4 /* HomeAPI.swift */,
			);
			path = API;
			sourceTree = "<group>";
		};
		AC303661254488F400FE66B4 /* View */ = {
			isa = PBXGroup;
			children = (
				ACB22E202544A39F00F577D2 /* CollectionCell */,
				AC3036622544890300FE66B4 /* HomeBaseView.swift */,
			);
			path = View;
			sourceTree = "<group>";
		};
		AC30366A2544906E00FE66B4 /* Resources */ = {
			isa = PBXGroup;
			children = (
				AC30366B2544909100FE66B4 /* StringsText.swift */,
			);
			path = Resources;
			sourceTree = "<group>";
		};
		AC3036732544996C00FE66B4 /* ErrorEnum */ = {
			isa = PBXGroup;
			children = (
				AC3036742544997D00FE66B4 /* ErrorTypes.swift */,
			);
			path = ErrorEnum;
			sourceTree = "<group>";
		};
		ACB22E202544A39F00F577D2 /* CollectionCell */ = {
			isa = PBXGroup;
			children = (
				ACB22E212544A3BF00F577D2 /* CityCollectionViewCell.swift */,
			);
			path = CollectionCell;
			sourceTree = "<group>";
		};
		ACB422FD2544B6A000F114C2 /* DatasourceDelegateCollectionView */ = {
			isa = PBXGroup;
			children = (
				ACB422FE2544B6A000F114C2 /* DelegateCitiesCollectionView.swift */,
				ACB422FF2544B6A000F114C2 /* DatasourceCitiesCollectionView.swift */,
			);
			path = DatasourceDelegateCollectionView;
			sourceTree = "<group>";
		};
/* End PBXGroup section */

/* Begin PBXNativeTarget section */
		AC1807E325446C5400C88580 /* WeatherApp */ = {
			isa = PBXNativeTarget;
			buildConfigurationList = AC18080E25446C5700C88580 /* Build configuration list for PBXNativeTarget "WeatherApp" */;
			buildPhases = (
				AC1807E025446C5400C88580 /* Sources */,
				AC1807E125446C5400C88580 /* Frameworks */,
				AC1807E225446C5400C88580 /* Resources */,
			);
			buildRules = (
			);
			dependencies = (
			);
			name = WeatherApp;
			productName = WeatherApp;
			productReference = AC1807E425446C5400C88580 /* WeatherApp.app */;
			productType = "com.apple.product-type.application";
		};
		AC1807F925446C5700C88580 /* WeatherAppTests */ = {
			isa = PBXNativeTarget;
			buildConfigurationList = AC18081125446C5700C88580 /* Build configuration list for PBXNativeTarget "WeatherAppTests" */;
			buildPhases = (
				AC1807F625446C5700C88580 /* Sources */,
				AC1807F725446C5700C88580 /* Frameworks */,
				AC1807F825446C5700C88580 /* Resources */,
			);
			buildRules = (
			);
			dependencies = (
				AC1807FC25446C5700C88580 /* PBXTargetDependency */,
			);
			name = WeatherAppTests;
			productName = WeatherAppTests;
			productReference = AC1807FA25446C5700C88580 /* WeatherAppTests.xctest */;
			productType = "com.apple.product-type.bundle.unit-test";
		};
		AC18080425446C5700C88580 /* WeatherAppUITests */ = {
			isa = PBXNativeTarget;
			buildConfigurationList = AC18081425446C5700C88580 /* Build configuration list for PBXNativeTarget "WeatherAppUITests" */;
			buildPhases = (
				AC18080125446C5700C88580 /* Sources */,
				AC18080225446C5700C88580 /* Frameworks */,
				AC18080325446C5700C88580 /* Resources */,
			);
			buildRules = (
			);
			dependencies = (
				AC18080725446C5700C88580 /* PBXTargetDependency */,
			);
			name = WeatherAppUITests;
			productName = WeatherAppUITests;
			productReference = AC18080525446C5700C88580 /* WeatherAppUITests.xctest */;
			productType = "com.apple.product-type.bundle.ui-testing";
		};
/* End PBXNativeTarget section */

/* Begin PBXProject section */
		AC1807DC25446C5400C88580 /* Project object */ = {
			isa = PBXProject;
			attributes = {
				LastSwiftUpdateCheck = 1200;
				LastUpgradeCheck = 1200;
				TargetAttributes = {
					AC1807E325446C5400C88580 = {
						CreatedOnToolsVersion = 12.0.1;
					};
					AC1807F925446C5700C88580 = {
						CreatedOnToolsVersion = 12.0.1;
						TestTargetID = AC1807E325446C5400C88580;
					};
					AC18080425446C5700C88580 = {
						CreatedOnToolsVersion = 12.0.1;
						TestTargetID = AC1807E325446C5400C88580;
					};
				};
			};
			buildConfigurationList = AC1807DF25446C5400C88580 /* Build configuration list for PBXProject "WeatherApp" */;
			compatibilityVersion = "Xcode 9.3";
			developmentRegion = en;
			hasScannedForEncodings = 0;
			knownRegions = (
				en,
				Base,
			);
			mainGroup = AC1807DB25446C5400C88580;
			productRefGroup = AC1807E525446C5400C88580 /* Products */;
			projectDirPath = "";
			projectRoot = "";
			targets = (
				AC1807E325446C5400C88580 /* WeatherApp */,
				AC1807F925446C5700C88580 /* WeatherAppTests */,
				AC18080425446C5700C88580 /* WeatherAppUITests */,
			);
		};
/* End PBXProject section */

/* Begin PBXResourcesBuildPhase section */
		AC1807E225446C5400C88580 /* Resources */ = {
			isa = PBXResourcesBuildPhase;
			buildActionMask = 2147483647;
			files = (
				AC1807F425446C5700C88580 /* LaunchScreen.storyboard in Resources */,
				AC1807F125446C5700C88580 /* Assets.xcassets in Resources */,
			);
			runOnlyForDeploymentPostprocessing = 0;
		};
		AC1807F825446C5700C88580 /* Resources */ = {
			isa = PBXResourcesBuildPhase;
			buildActionMask = 2147483647;
			files = (
			);
			runOnlyForDeploymentPostprocessing = 0;
		};
		AC18080325446C5700C88580 /* Resources */ = {
			isa = PBXResourcesBuildPhase;
			buildActionMask = 2147483647;
			files = (
			);
			runOnlyForDeploymentPostprocessing = 0;
		};
/* End PBXResourcesBuildPhase section */

/* Begin PBXSourcesBuildPhase section */
		AC1807E025446C5400C88580 /* Sources */ = {
			isa = PBXSourcesBuildPhase;
			buildActionMask = 2147483647;
			files = (
				AC3036632544890300FE66B4 /* HomeBaseView.swift in Sources */,
				AC1807E825446C5400C88580 /* AppDelegate.swift in Sources */,
				AC30365A25447FEB00FE66B4 /* HomeAPI.swift in Sources */,
				AC30366C2544909100FE66B4 /* StringsText.swift in Sources */,
				ACB22E222544A3BF00F577D2 /* CityCollectionViewCell.swift in Sources */,
				ACB423002544B6A100F114C2 /* DelegateCitiesCollectionView.swift in Sources */,
				AC3036752544997D00FE66B4 /* ErrorTypes.swift in Sources */,
				AC1807EA25446C5400C88580 /* SceneDelegate.swift in Sources */,
				AC18083C2544733D00C88580 /* ViewProtocol.swift in Sources */,
				AC30365425447FCC00FE66B4 /* HomeViewModel.swift in Sources */,
				ACB423012544B6A100F114C2 /* DatasourceCitiesCollectionView.swift in Sources */,
				AC1808242544704600C88580 /* HomeViewController.swift in Sources */,
			);
			runOnlyForDeploymentPostprocessing = 0;
		};
		AC1807F625446C5700C88580 /* Sources */ = {
			isa = PBXSourcesBuildPhase;
			buildActionMask = 2147483647;
			files = (
				AC1807FF25446C5700C88580 /* WeatherAppTests.swift in Sources */,
			);
			runOnlyForDeploymentPostprocessing = 0;
		};
		AC18080125446C5700C88580 /* Sources */ = {
			isa = PBXSourcesBuildPhase;
			buildActionMask = 2147483647;
			files = (
				AC18080A25446C5700C88580 /* WeatherAppUITests.swift in Sources */,
			);
			runOnlyForDeploymentPostprocessing = 0;
		};
/* End PBXSourcesBuildPhase section */

/* Begin PBXTargetDependency section */
		AC1807FC25446C5700C88580 /* PBXTargetDependency */ = {
			isa = PBXTargetDependency;
			target = AC1807E325446C5400C88580 /* WeatherApp */;
			targetProxy = AC1807FB25446C5700C88580 /* PBXContainerItemProxy */;
		};
		AC18080725446C5700C88580 /* PBXTargetDependency */ = {
			isa = PBXTargetDependency;
			target = AC1807E325446C5400C88580 /* WeatherApp */;
			targetProxy = AC18080625446C5700C88580 /* PBXContainerItemProxy */;
		};
/* End PBXTargetDependency section */

/* Begin PBXVariantGroup section */
		AC1807F225446C5700C88580 /* LaunchScreen.storyboard */ = {
			isa = PBXVariantGroup;
			children = (
				AC1807F325446C5700C88580 /* Base */,
			);
			name = LaunchScreen.storyboard;
			sourceTree = "<group>";
		};
/* End PBXVariantGroup section */

/* Begin XCBuildConfiguration section */
		AC18080C25446C5700C88580 /* Debug */ = {
			isa = XCBuildConfiguration;
			buildSettings = {
				ALWAYS_SEARCH_USER_PATHS = NO;
				CLANG_ANALYZER_NONNULL = YES;
				CLANG_ANALYZER_NUMBER_OBJECT_CONVERSION = YES_AGGRESSIVE;
				CLANG_CXX_LANGUAGE_STANDARD = "gnu++14";
				CLANG_CXX_LIBRARY = "libc++";
				CLANG_ENABLE_MODULES = YES;
				CLANG_ENABLE_OBJC_ARC = YES;
				CLANG_ENABLE_OBJC_WEAK = YES;
				CLANG_WARN_BLOCK_CAPTURE_AUTORELEASING = YES;
				CLANG_WARN_BOOL_CONVERSION = YES;
				CLANG_WARN_COMMA = YES;
				CLANG_WARN_CONSTANT_CONVERSION = YES;
				CLANG_WARN_DEPRECATED_OBJC_IMPLEMENTATIONS = YES;
				CLANG_WARN_DIRECT_OBJC_ISA_USAGE = YES_ERROR;
				CLANG_WARN_DOCUMENTATION_COMMENTS = YES;
				CLANG_WARN_EMPTY_BODY = YES;
				CLANG_WARN_ENUM_CONVERSION = YES;
				CLANG_WARN_INFINITE_RECURSION = YES;
				CLANG_WARN_INT_CONVERSION = YES;
				CLANG_WARN_NON_LITERAL_NULL_CONVERSION = YES;
				CLANG_WARN_OBJC_IMPLICIT_RETAIN_SELF = YES;
				CLANG_WARN_OBJC_LITERAL_CONVERSION = YES;
				CLANG_WARN_OBJC_ROOT_CLASS = YES_ERROR;
				CLANG_WARN_QUOTED_INCLUDE_IN_FRAMEWORK_HEADER = YES;
				CLANG_WARN_RANGE_LOOP_ANALYSIS = YES;
				CLANG_WARN_STRICT_PROTOTYPES = YES;
				CLANG_WARN_SUSPICIOUS_MOVE = YES;
				CLANG_WARN_UNGUARDED_AVAILABILITY = YES_AGGRESSIVE;
				CLANG_WARN_UNREACHABLE_CODE = YES;
				CLANG_WARN__DUPLICATE_METHOD_MATCH = YES;
				COPY_PHASE_STRIP = NO;
				DEBUG_INFORMATION_FORMAT = dwarf;
				ENABLE_STRICT_OBJC_MSGSEND = YES;
				ENABLE_TESTABILITY = YES;
				GCC_C_LANGUAGE_STANDARD = gnu11;
				GCC_DYNAMIC_NO_PIC = NO;
				GCC_NO_COMMON_BLOCKS = YES;
				GCC_OPTIMIZATION_LEVEL = 0;
				GCC_PREPROCESSOR_DEFINITIONS = (
					"DEBUG=1",
					"$(inherited)",
				);
				GCC_WARN_64_TO_32_BIT_CONVERSION = YES;
				GCC_WARN_ABOUT_RETURN_TYPE = YES_ERROR;
				GCC_WARN_UNDECLARED_SELECTOR = YES;
				GCC_WARN_UNINITIALIZED_AUTOS = YES_AGGRESSIVE;
				GCC_WARN_UNUSED_FUNCTION = YES;
				GCC_WARN_UNUSED_VARIABLE = YES;
				IPHONEOS_DEPLOYMENT_TARGET = 14.0;
				MTL_ENABLE_DEBUG_INFO = INCLUDE_SOURCE;
				MTL_FAST_MATH = YES;
				ONLY_ACTIVE_ARCH = YES;
				SDKROOT = iphoneos;
				SWIFT_ACTIVE_COMPILATION_CONDITIONS = DEBUG;
				SWIFT_OPTIMIZATION_LEVEL = "-Onone";
			};
			name = Debug;
		};
		AC18080D25446C5700C88580 /* Release */ = {
			isa = XCBuildConfiguration;
			buildSettings = {
				ALWAYS_SEARCH_USER_PATHS = NO;
				CLANG_ANALYZER_NONNULL = YES;
				CLANG_ANALYZER_NUMBER_OBJECT_CONVERSION = YES_AGGRESSIVE;
				CLANG_CXX_LANGUAGE_STANDARD = "gnu++14";
				CLANG_CXX_LIBRARY = "libc++";
				CLANG_ENABLE_MODULES = YES;
				CLANG_ENABLE_OBJC_ARC = YES;
				CLANG_ENABLE_OBJC_WEAK = YES;
				CLANG_WARN_BLOCK_CAPTURE_AUTORELEASING = YES;
				CLANG_WARN_BOOL_CONVERSION = YES;
				CLANG_WARN_COMMA = YES;
				CLANG_WARN_CONSTANT_CONVERSION = YES;
				CLANG_WARN_DEPRECATED_OBJC_IMPLEMENTATIONS = YES;
				CLANG_WARN_DIRECT_OBJC_ISA_USAGE = YES_ERROR;
				CLANG_WARN_DOCUMENTATION_COMMENTS = YES;
				CLANG_WARN_EMPTY_BODY = YES;
				CLANG_WARN_ENUM_CONVERSION = YES;
				CLANG_WARN_INFINITE_RECURSION = YES;
				CLANG_WARN_INT_CONVERSION = YES;
				CLANG_WARN_NON_LITERAL_NULL_CONVERSION = YES;
				CLANG_WARN_OBJC_IMPLICIT_RETAIN_SELF = YES;
				CLANG_WARN_OBJC_LITERAL_CONVERSION = YES;
				CLANG_WARN_OBJC_ROOT_CLASS = YES_ERROR;
				CLANG_WARN_QUOTED_INCLUDE_IN_FRAMEWORK_HEADER = YES;
				CLANG_WARN_RANGE_LOOP_ANALYSIS = YES;
				CLANG_WARN_STRICT_PROTOTYPES = YES;
				CLANG_WARN_SUSPICIOUS_MOVE = YES;
				CLANG_WARN_UNGUARDED_AVAILABILITY = YES_AGGRESSIVE;
				CLANG_WARN_UNREACHABLE_CODE = YES;
				CLANG_WARN__DUPLICATE_METHOD_MATCH = YES;
				COPY_PHASE_STRIP = NO;
				DEBUG_INFORMATION_FORMAT = "dwarf-with-dsym";
				ENABLE_NS_ASSERTIONS = NO;
				ENABLE_STRICT_OBJC_MSGSEND = YES;
				GCC_C_LANGUAGE_STANDARD = gnu11;
				GCC_NO_COMMON_BLOCKS = YES;
				GCC_WARN_64_TO_32_BIT_CONVERSION = YES;
				GCC_WARN_ABOUT_RETURN_TYPE = YES_ERROR;
				GCC_WARN_UNDECLARED_SELECTOR = YES;
				GCC_WARN_UNINITIALIZED_AUTOS = YES_AGGRESSIVE;
				GCC_WARN_UNUSED_FUNCTION = YES;
				GCC_WARN_UNUSED_VARIABLE = YES;
				IPHONEOS_DEPLOYMENT_TARGET = 14.0;
				MTL_ENABLE_DEBUG_INFO = NO;
				MTL_FAST_MATH = YES;
				SDKROOT = iphoneos;
				SWIFT_COMPILATION_MODE = wholemodule;
				SWIFT_OPTIMIZATION_LEVEL = "-O";
				VALIDATE_PRODUCT = YES;
			};
			name = Release;
		};
		AC18080F25446C5700C88580 /* Debug */ = {
			isa = XCBuildConfiguration;
			buildSettings = {
				ASSETCATALOG_COMPILER_APPICON_NAME = AppIcon;
				ASSETCATALOG_COMPILER_GLOBAL_ACCENT_COLOR_NAME = AccentColor;
				CODE_SIGN_STYLE = Automatic;
				INFOPLIST_FILE = WeatherApp/Info.plist;
				LD_RUNPATH_SEARCH_PATHS = (
					"$(inherited)",
					"@executable_path/Frameworks",
				);
				PRODUCT_BUNDLE_IDENTIFIER = Juan.WeatherApp;
				PRODUCT_NAME = "$(TARGET_NAME)";
				SWIFT_VERSION = 5.0;
				TARGETED_DEVICE_FAMILY = "1,2";
			};
			name = Debug;
		};
		AC18081025446C5700C88580 /* Release */ = {
			isa = XCBuildConfiguration;
			buildSettings = {
				ASSETCATALOG_COMPILER_APPICON_NAME = AppIcon;
				ASSETCATALOG_COMPILER_GLOBAL_ACCENT_COLOR_NAME = AccentColor;
				CODE_SIGN_STYLE = Automatic;
				INFOPLIST_FILE = WeatherApp/Info.plist;
				LD_RUNPATH_SEARCH_PATHS = (
					"$(inherited)",
					"@executable_path/Frameworks",
				);
				PRODUCT_BUNDLE_IDENTIFIER = Juan.WeatherApp;
				PRODUCT_NAME = "$(TARGET_NAME)";
				SWIFT_VERSION = 5.0;
				TARGETED_DEVICE_FAMILY = "1,2";
			};
			name = Release;
		};
		AC18081225446C5700C88580 /* Debug */ = {
			isa = XCBuildConfiguration;
			buildSettings = {
				ALWAYS_EMBED_SWIFT_STANDARD_LIBRARIES = YES;
				BUNDLE_LOADER = "$(TEST_HOST)";
				CODE_SIGN_STYLE = Automatic;
				INFOPLIST_FILE = WeatherAppTests/Info.plist;
				IPHONEOS_DEPLOYMENT_TARGET = 14.0;
				LD_RUNPATH_SEARCH_PATHS = (
					"$(inherited)",
					"@executable_path/Frameworks",
					"@loader_path/Frameworks",
				);
				PRODUCT_BUNDLE_IDENTIFIER = Juan.WeatherAppTests;
				PRODUCT_NAME = "$(TARGET_NAME)";
				SWIFT_VERSION = 5.0;
				TARGETED_DEVICE_FAMILY = "1,2";
				TEST_HOST = "$(BUILT_PRODUCTS_DIR)/WeatherApp.app/WeatherApp";
			};
			name = Debug;
		};
		AC18081325446C5700C88580 /* Release */ = {
			isa = XCBuildConfiguration;
			buildSettings = {
				ALWAYS_EMBED_SWIFT_STANDARD_LIBRARIES = YES;
				BUNDLE_LOADER = "$(TEST_HOST)";
				CODE_SIGN_STYLE = Automatic;
				INFOPLIST_FILE = WeatherAppTests/Info.plist;
				IPHONEOS_DEPLOYMENT_TARGET = 14.0;
				LD_RUNPATH_SEARCH_PATHS = (
					"$(inherited)",
					"@executable_path/Frameworks",
					"@loader_path/Frameworks",
				);
				PRODUCT_BUNDLE_IDENTIFIER = Juan.WeatherAppTests;
				PRODUCT_NAME = "$(TARGET_NAME)";
				SWIFT_VERSION = 5.0;
				TARGETED_DEVICE_FAMILY = "1,2";
				TEST_HOST = "$(BUILT_PRODUCTS_DIR)/WeatherApp.app/WeatherApp";
			};
			name = Release;
		};
		AC18081525446C5700C88580 /* Debug */ = {
			isa = XCBuildConfiguration;
			buildSettings = {
				ALWAYS_EMBED_SWIFT_STANDARD_LIBRARIES = YES;
				CODE_SIGN_STYLE = Automatic;
				INFOPLIST_FILE = WeatherAppUITests/Info.plist;
				LD_RUNPATH_SEARCH_PATHS = (
					"$(inherited)",
					"@executable_path/Frameworks",
					"@loader_path/Frameworks",
				);
				PRODUCT_BUNDLE_IDENTIFIER = Juan.WeatherAppUITests;
				PRODUCT_NAME = "$(TARGET_NAME)";
				SWIFT_VERSION = 5.0;
				TARGETED_DEVICE_FAMILY = "1,2";
				TEST_TARGET_NAME = WeatherApp;
			};
			name = Debug;
		};
		AC18081625446C5700C88580 /* Release */ = {
			isa = XCBuildConfiguration;
			buildSettings = {
				ALWAYS_EMBED_SWIFT_STANDARD_LIBRARIES = YES;
				CODE_SIGN_STYLE = Automatic;
				INFOPLIST_FILE = WeatherAppUITests/Info.plist;
				LD_RUNPATH_SEARCH_PATHS = (
					"$(inherited)",
					"@executable_path/Frameworks",
					"@loader_path/Frameworks",
				);
				PRODUCT_BUNDLE_IDENTIFIER = Juan.WeatherAppUITests;
				PRODUCT_NAME = "$(TARGET_NAME)";
				SWIFT_VERSION = 5.0;
				TARGETED_DEVICE_FAMILY = "1,2";
				TEST_TARGET_NAME = WeatherApp;
			};
			name = Release;
		};
/* End XCBuildConfiguration section */

/* Begin XCConfigurationList section */
		AC1807DF25446C5400C88580 /* Build configuration list for PBXProject "WeatherApp" */ = {
			isa = XCConfigurationList;
			buildConfigurations = (
				AC18080C25446C5700C88580 /* Debug */,
				AC18080D25446C5700C88580 /* Release */,
			);
			defaultConfigurationIsVisible = 0;
			defaultConfigurationName = Release;
		};
		AC18080E25446C5700C88580 /* Build configuration list for PBXNativeTarget "WeatherApp" */ = {
			isa = XCConfigurationList;
			buildConfigurations = (
				AC18080F25446C5700C88580 /* Debug */,
				AC18081025446C5700C88580 /* Release */,
			);
			defaultConfigurationIsVisible = 0;
			defaultConfigurationName = Release;
		};
		AC18081125446C5700C88580 /* Build configuration list for PBXNativeTarget "WeatherAppTests" */ = {
			isa = XCConfigurationList;
			buildConfigurations = (
				AC18081225446C5700C88580 /* Debug */,
				AC18081325446C5700C88580 /* Release */,
			);
			defaultConfigurationIsVisible = 0;
			defaultConfigurationName = Release;
		};
		AC18081425446C5700C88580 /* Build configuration list for PBXNativeTarget "WeatherAppUITests" */ = {
			isa = XCConfigurationList;
			buildConfigurations = (
				AC18081525446C5700C88580 /* Debug */,
				AC18081625446C5700C88580 /* Release */,
			);
			defaultConfigurationIsVisible = 0;
			defaultConfigurationName = Release;
		};
/* End XCConfigurationList section */
	};
	rootObject = AC1807DC25446C5400C88580 /* Project object */;
}
